
Microsoft Visual Studio Solution File, Format Version 12.00
# Visual Studio Version 16
VisualStudioVersion = 16.0.809.6
MinimumVisualStudioVersion = 10.0.40219.1
Project("{FAE04EC0-301F-11D3-BF4B-00C04F79EFBC}") = "snowdevil", "snowdevil\snowdevil.csproj", "{2A56AC6A-66AA-4642-873A-7D2E6F7F24F2}"
EndProject
Global
	GlobalSection(SolutionConfigurationPlatforms) = preSolution
		Debug|Any CPU = Debug|Any CPU
		Release|Any CPU = Release|Any CPU
	EndGlobalSection
	GlobalSection(ProjectConfigurationPlatforms) = postSolution
		{2A56AC6A-66AA-4642-873A-7D2E6F7F24F2}.Debug|Any CPU.ActiveCfg = Debug|Any CPU
		{2A56AC6A-66AA-4642-873A-7D2E6F7F24F2}.Debug|Any CPU.Build.0 = Debug|Any CPU
		{2A56AC6A-66AA-4642-873A-7D2E6F7F24F2}.Release|Any CPU.ActiveCfg = Release|Any CPU
		{2A56AC6A-66AA-4642-873A-7D2E6F7F24F2}.Release|Any CPU.Build.0 = Release|Any CPU
	EndGlobalSection
	GlobalSection(SolutionProperties) = preSolution
		HideSolutionNode = FALSE
	EndGlobalSection
	GlobalSection(ExtensibilityGlobals) = postSolution
		SolutionGuid = {A6D924A3-D4ED-46F9-A404-FAEE982D01CB}
	EndGlobalSection
EndGlobal
